
Microsoft Visual Studio Solution File, Format Version 12.00
# Visual Studio Version 16
VisualStudioVersion = 16.0.32428.217
MinimumVisualStudioVersion = 10.0.40219.1
Project("{FAE04EC0-301F-11D3-BF4B-00C04F79EFBC}") = "AutomatInformationSystem", "AutomatInformationSystem\AutomatInformationSystem.csproj", "{72A9F3B2-3E30-4D91-96D7-5D9310195E43}"
EndProject
Global
	GlobalSection(SolutionConfigurationPlatforms) = preSolution
		Debug|Any CPU = Debug|Any CPU
		Release|Any CPU = Release|Any CPU
	EndGlobalSection
	GlobalSection(ProjectConfigurationPlatforms) = postSolution
		{72A9F3B2-3E30-4D91-96D7-5D9310195E43}.Debug|Any CPU.ActiveCfg = Debug|Any CPU
		{72A9F3B2-3E30-4D91-96D7-5D9310195E43}.Debug|Any CPU.Build.0 = Debug|Any CPU
		{72A9F3B2-3E30-4D91-96D7-5D9310195E43}.Release|Any CPU.ActiveCfg = Release|Any CPU
		{72A9F3B2-3E30-4D91-96D7-5D9310195E43}.Release|Any CPU.Build.0 = Release|Any CPU
	EndGlobalSection
	GlobalSection(SolutionProperties) = preSolution
		HideSolutionNode = FALSE
	EndGlobalSection
	GlobalSection(ExtensibilityGlobals) = postSolution
		SolutionGuid = {0BB6D7FF-5A0F-4DA0-B571-F16FC22F46E7}
	EndGlobalSection
EndGlobal
